
Microsoft Visual Studio Solution File, Format Version 12.00
# Visual Studio Version 16
VisualStudioVersion = 16.0.29920.165
MinimumVisualStudioVersion = 10.0.40219.1
Project("{FAE04EC0-301F-11D3-BF4B-00C04F79EFBC}") = "Blog", "Blog\Blog.csproj", "{8041596F-0F64-4188-8830-CA3D7EB22533}"
EndProject
Global
	GlobalSection(SolutionConfigurationPlatforms) = preSolution
		Debug|Any CPU = Debug|Any CPU
		Release|Any CPU = Release|Any CPU
	EndGlobalSection
	GlobalSection(ProjectConfigurationPlatforms) = postSolution
		{8041596F-0F64-4188-8830-CA3D7EB22533}.Debug|Any CPU.ActiveCfg = Debug|Any CPU
		{8041596F-0F64-4188-8830-CA3D7EB22533}.Debug|Any CPU.Build.0 = Debug|Any CPU
		{8041596F-0F64-4188-8830-CA3D7EB22533}.Release|Any CPU.ActiveCfg = Release|Any CPU
		{8041596F-0F64-4188-8830-CA3D7EB22533}.Release|Any CPU.Build.0 = Release|Any CPU
	EndGlobalSection
	GlobalSection(SolutionProperties) = preSolution
		HideSolutionNode = FALSE
	EndGlobalSection
	GlobalSection(ExtensibilityGlobals) = postSolution
		SolutionGuid = {C72A4E2F-B3A7-4F61-895E-4D1C2EA037B2}
	EndGlobalSection
EndGlobal
